// !$*UTF8*$!
{
	archiveVersion = 1;
	classes = {
	};
	objectVersion = 56;
	objects = {

/* Begin PBXBuildFile section */
		1E76A8612B821C710026BA37 /* RickAndMortyApp.swift in Sources */ = {isa = PBXBuildFile; fileRef = 1E76A8602B821C710026BA37 /* RickAndMortyApp.swift */; };
		1E76A8632B821C710026BA37 /* ContentView.swift in Sources */ = {isa = PBXBuildFile; fileRef = 1E76A8622B821C710026BA37 /* ContentView.swift */; };
		1E76A8652B821C710026BA37 /* Assets.xcassets in Resources */ = {isa = PBXBuildFile; fileRef = 1E76A8642B821C710026BA37 /* Assets.xcassets */; };
		1E76A8682B821C710026BA37 /* Preview Assets.xcassets in Resources */ = {isa = PBXBuildFile; fileRef = 1E76A8672B821C710026BA37 /* Preview Assets.xcassets */; };
		1E76A8792B821D490026BA37 /* CharactersListView.swift in Sources */ = {isa = PBXBuildFile; fileRef = 1E76A8782B821D490026BA37 /* CharactersListView.swift */; };
		1E76A87B2B821D600026BA37 /* CharactersListViewModel.swift in Sources */ = {isa = PBXBuildFile; fileRef = 1E76A87A2B821D600026BA37 /* CharactersListViewModel.swift */; };
		1E76A87D2B821E120026BA37 /* CharactersList.swift in Sources */ = {isa = PBXBuildFile; fileRef = 1E76A87C2B821E120026BA37 /* CharactersList.swift */; };
		1E76A87F2B821E960026BA37 /* CharactersListServiceManager.swift in Sources */ = {isa = PBXBuildFile; fileRef = 1E76A87E2B821E960026BA37 /* CharactersListServiceManager.swift */; };
		1E76A8822B821EF30026BA37 /* NetworkModule.swift in Sources */ = {isa = PBXBuildFile; fileRef = 1E76A8812B821EF30026BA37 /* NetworkModule.swift */; };
		1E76A8852B821F460026BA37 /* RickAndMortyEndpoint.swift in Sources */ = {isa = PBXBuildFile; fileRef = 1E76A8842B821F460026BA37 /* RickAndMortyEndpoint.swift */; };
		1E76A8872B8222250026BA37 /* CharactersListStorageManager.swift in Sources */ = {isa = PBXBuildFile; fileRef = 1E76A8862B8222250026BA37 /* CharactersListStorageManager.swift */; };
		1E76A8892B82223E0026BA37 /* PersistenceModule.swift in Sources */ = {isa = PBXBuildFile; fileRef = 1E76A8882B82223E0026BA37 /* PersistenceModule.swift */; };
		1E76A88C2B82271A0026BA37 /* StaticJSONMapper.swift in Sources */ = {isa = PBXBuildFile; fileRef = 1E76A88B2B82271A0026BA37 /* StaticJSONMapper.swift */; };
		1E76A88F2B8227430026BA37 /* CharacterListStaticData.json in Resources */ = {isa = PBXBuildFile; fileRef = 1E76A88E2B8227430026BA37 /* CharacterListStaticData.json */; };
		1E76A8922B8227DF0026BA37 /* PreviewProvider+Extensions.swift in Sources */ = {isa = PBXBuildFile; fileRef = 1E76A8912B8227DF0026BA37 /* PreviewProvider+Extensions.swift */; };
/* End PBXBuildFile section */

/* Begin PBXFileReference section */
		1E76A85D2B821C710026BA37 /* RickAndMorty.app */ = {isa = PBXFileReference; explicitFileType = wrapper.application; includeInIndex = 0; path = RickAndMorty.app; sourceTree = BUILT_PRODUCTS_DIR; };
		1E76A8602B821C710026BA37 /* RickAndMortyApp.swift */ = {isa = PBXFileReference; lastKnownFileType = sourcecode.swift; path = RickAndMortyApp.swift; sourceTree = "<group>"; };
		1E76A8622B821C710026BA37 /* ContentView.swift */ = {isa = PBXFileReference; lastKnownFileType = sourcecode.swift; path = ContentView.swift; sourceTree = "<group>"; };
		1E76A8642B821C710026BA37 /* Assets.xcassets */ = {isa = PBXFileReference; lastKnownFileType = folder.assetcatalog; path = Assets.xcassets; sourceTree = "<group>"; };
		1E76A8672B821C710026BA37 /* Preview Assets.xcassets */ = {isa = PBXFileReference; lastKnownFileType = folder.assetcatalog; path = "Preview Assets.xcassets"; sourceTree = "<group>"; };
		1E76A8782B821D490026BA37 /* CharactersListView.swift */ = {isa = PBXFileReference; lastKnownFileType = sourcecode.swift; path = CharactersListView.swift; sourceTree = "<group>"; };
		1E76A87A2B821D600026BA37 /* CharactersListViewModel.swift */ = {isa = PBXFileReference; lastKnownFileType = sourcecode.swift; path = CharactersListViewModel.swift; sourceTree = "<group>"; };
		1E76A87C2B821E120026BA37 /* CharactersList.swift */ = {isa = PBXFileReference; lastKnownFileType = sourcecode.swift; path = CharactersList.swift; sourceTree = "<group>"; };
		1E76A87E2B821E960026BA37 /* CharactersListServiceManager.swift */ = {isa = PBXFileReference; lastKnownFileType = sourcecode.swift; path = CharactersListServiceManager.swift; sourceTree = "<group>"; };
		1E76A8812B821EF30026BA37 /* NetworkModule.swift */ = {isa = PBXFileReference; lastKnownFileType = sourcecode.swift; path = NetworkModule.swift; sourceTree = "<group>"; };
		1E76A8842B821F460026BA37 /* RickAndMortyEndpoint.swift */ = {isa = PBXFileReference; lastKnownFileType = sourcecode.swift; path = RickAndMortyEndpoint.swift; sourceTree = "<group>"; };
		1E76A8862B8222250026BA37 /* CharactersListStorageManager.swift */ = {isa = PBXFileReference; lastKnownFileType = sourcecode.swift; path = CharactersListStorageManager.swift; sourceTree = "<group>"; };
		1E76A8882B82223E0026BA37 /* PersistenceModule.swift */ = {isa = PBXFileReference; lastKnownFileType = sourcecode.swift; path = PersistenceModule.swift; sourceTree = "<group>"; };
		1E76A88B2B82271A0026BA37 /* StaticJSONMapper.swift */ = {isa = PBXFileReference; lastKnownFileType = sourcecode.swift; path = StaticJSONMapper.swift; sourceTree = "<group>"; };
		1E76A88E2B8227430026BA37 /* CharacterListStaticData.json */ = {isa = PBXFileReference; lastKnownFileType = text.json; path = CharacterListStaticData.json; sourceTree = "<group>"; };
		1E76A8912B8227DF0026BA37 /* PreviewProvider+Extensions.swift */ = {isa = PBXFileReference; lastKnownFileType = sourcecode.swift; path = "PreviewProvider+Extensions.swift"; sourceTree = "<group>"; };
/* End PBXFileReference section */

/* Begin PBXFrameworksBuildPhase section */
		1E76A85A2B821C710026BA37 /* Frameworks */ = {
			isa = PBXFrameworksBuildPhase;
			buildActionMask = 2147483647;
			files = (
			);
			runOnlyForDeploymentPostprocessing = 0;
		};
/* End PBXFrameworksBuildPhase section */

/* Begin PBXGroup section */
		1E76A8542B821C710026BA37 = {
			isa = PBXGroup;
			children = (
				1E76A85F2B821C710026BA37 /* RickAndMorty */,
				1E76A85E2B821C710026BA37 /* Products */,
			);
			sourceTree = "<group>";
		};
		1E76A85E2B821C710026BA37 /* Products */ = {
			isa = PBXGroup;
			children = (
				1E76A85D2B821C710026BA37 /* RickAndMorty.app */,
			);
			name = Products;
			sourceTree = "<group>";
		};
		1E76A85F2B821C710026BA37 /* RickAndMorty */ = {
			isa = PBXGroup;
			children = (
				1E76A86E2B821CD80026BA37 /* Modules */,
				1E76A8602B821C710026BA37 /* RickAndMortyApp.swift */,
				1E76A8622B821C710026BA37 /* ContentView.swift */,
				1E76A8642B821C710026BA37 /* Assets.xcassets */,
				1E76A8662B821C710026BA37 /* Preview Content */,
			);
			path = RickAndMorty;
			sourceTree = "<group>";
		};
		1E76A8662B821C710026BA37 /* Preview Content */ = {
			isa = PBXGroup;
			children = (
				1E76A8672B821C710026BA37 /* Preview Assets.xcassets */,
			);
			path = "Preview Content";
			sourceTree = "<group>";
		};
		1E76A86E2B821CD80026BA37 /* Modules */ = {
			isa = PBXGroup;
			children = (
				1E76A88A2B8226B00026BA37 /* Helpers */,
				1E76A8802B821EEA0026BA37 /* ModulesDefinition */,
				1E76A8712B821CE20026BA37 /* Network */,
				1E76A8702B821CDD0026BA37 /* Persistence */,
				1E76A86F2B821CDA0026BA37 /* Presentation */,
			);
			path = Modules;
			sourceTree = "<group>";
		};
		1E76A86F2B821CDA0026BA37 /* Presentation */ = {
			isa = PBXGroup;
			children = (
				1E76A8742B821CF90026BA37 /* EpisodeDetails */,
				1E76A8732B821CF50026BA37 /* CharacterDetails */,
				1E76A8722B821CF00026BA37 /* CharactersList */,
			);
			path = Presentation;
			sourceTree = "<group>";
		};
		1E76A8702B821CDD0026BA37 /* Persistence */ = {
			isa = PBXGroup;
			children = (
				1E76A8862B8222250026BA37 /* CharactersListStorageManager.swift */,
			);
			path = Persistence;
			sourceTree = "<group>";
		};
		1E76A8712B821CE20026BA37 /* Network */ = {
			isa = PBXGroup;
			children = (
				1E76A8842B821F460026BA37 /* RickAndMortyEndpoint.swift */,
				1E76A87E2B821E960026BA37 /* CharactersListServiceManager.swift */,
			);
			path = Network;
			sourceTree = "<group>";
		};
		1E76A8722B821CF00026BA37 /* CharactersList */ = {
			isa = PBXGroup;
			children = (
				1E76A8752B821D350026BA37 /* Model */,
				1E76A8762B821D380026BA37 /* ViewModel */,
				1E76A8772B821D3B0026BA37 /* View */,
			);
			path = CharactersList;
			sourceTree = "<group>";
		};
		1E76A8732B821CF50026BA37 /* CharacterDetails */ = {
			isa = PBXGroup;
			children = (
			);
			path = CharacterDetails;
			sourceTree = "<group>";
		};
		1E76A8742B821CF90026BA37 /* EpisodeDetails */ = {
			isa = PBXGroup;
			children = (
			);
			path = EpisodeDetails;
			sourceTree = "<group>";
		};
		1E76A8752B821D350026BA37 /* Model */ = {
			isa = PBXGroup;
			children = (
				1E76A87C2B821E120026BA37 /* CharactersList.swift */,
			);
			path = Model;
			sourceTree = "<group>";
		};
		1E76A8762B821D380026BA37 /* ViewModel */ = {
			isa = PBXGroup;
			children = (
				1E76A87A2B821D600026BA37 /* CharactersListViewModel.swift */,
			);
			path = ViewModel;
			sourceTree = "<group>";
		};
		1E76A8772B821D3B0026BA37 /* View */ = {
			isa = PBXGroup;
			children = (
				1E76A8782B821D490026BA37 /* CharactersListView.swift */,
			);
			path = View;
			sourceTree = "<group>";
		};
		1E76A8802B821EEA0026BA37 /* ModulesDefinition */ = {
			isa = PBXGroup;
			children = (
				1E76A8812B821EF30026BA37 /* NetworkModule.swift */,
				1E76A8882B82223E0026BA37 /* PersistenceModule.swift */,
			);
			path = ModulesDefinition;
			sourceTree = "<group>";
		};
		1E76A88A2B8226B00026BA37 /* Helpers */ = {
			isa = PBXGroup;
			children = (
				1E76A8902B8227D10026BA37 /* Extensions */,
				1E76A88D2B8227310026BA37 /* StaticData */,
				1E76A88B2B82271A0026BA37 /* StaticJSONMapper.swift */,
			);
			path = Helpers;
			sourceTree = "<group>";
		};
		1E76A88D2B8227310026BA37 /* StaticData */ = {
			isa = PBXGroup;
			children = (
				1E76A88E2B8227430026BA37 /* CharacterListStaticData.json */,
			);
			path = StaticData;
			sourceTree = "<group>";
		};
		1E76A8902B8227D10026BA37 /* Extensions */ = {
			isa = PBXGroup;
			children = (
				1E76A8912B8227DF0026BA37 /* PreviewProvider+Extensions.swift */,
			);
			path = Extensions;
			sourceTree = "<group>";
		};
/* End PBXGroup section */

/* Begin PBXNativeTarget section */
		1E76A85C2B821C710026BA37 /* RickAndMorty */ = {
			isa = PBXNativeTarget;
			buildConfigurationList = 1E76A86B2B821C710026BA37 /* Build configuration list for PBXNativeTarget "RickAndMorty" */;
			buildPhases = (
				1E76A8592B821C710026BA37 /* Sources */,
				1E76A85A2B821C710026BA37 /* Frameworks */,
				1E76A85B2B821C710026BA37 /* Resources */,
			);
			buildRules = (
			);
			dependencies = (
			);
			name = RickAndMorty;
			productName = RickAndMorty;
			productReference = 1E76A85D2B821C710026BA37 /* RickAndMorty.app */;
			productType = "com.apple.product-type.application";
		};
/* End PBXNativeTarget section */

/* Begin PBXProject section */
		1E76A8552B821C710026BA37 /* Project object */ = {
			isa = PBXProject;
			attributes = {
				BuildIndependentTargetsInParallel = 1;
				LastSwiftUpdateCheck = 1510;
				LastUpgradeCheck = 1510;
				TargetAttributes = {
					1E76A85C2B821C710026BA37 = {
						CreatedOnToolsVersion = 15.1;
					};
				};
			};
			buildConfigurationList = 1E76A8582B821C710026BA37 /* Build configuration list for PBXProject "RickAndMorty" */;
			compatibilityVersion = "Xcode 14.0";
			developmentRegion = en;
			hasScannedForEncodings = 0;
			knownRegions = (
				en,
				Base,
			);
			mainGroup = 1E76A8542B821C710026BA37;
			productRefGroup = 1E76A85E2B821C710026BA37 /* Products */;
			projectDirPath = "";
			projectRoot = "";
			targets = (
				1E76A85C2B821C710026BA37 /* RickAndMorty */,
			);
		};
/* End PBXProject section */

/* Begin PBXResourcesBuildPhase section */
		1E76A85B2B821C710026BA37 /* Resources */ = {
			isa = PBXResourcesBuildPhase;
			buildActionMask = 2147483647;
			files = (
				1E76A8682B821C710026BA37 /* Preview Assets.xcassets in Resources */,
				1E76A88F2B8227430026BA37 /* CharacterListStaticData.json in Resources */,
				1E76A8652B821C710026BA37 /* Assets.xcassets in Resources */,
			);
			runOnlyForDeploymentPostprocessing = 0;
		};
/* End PBXResourcesBuildPhase section */

/* Begin PBXSourcesBuildPhase section */
		1E76A8592B821C710026BA37 /* Sources */ = {
			isa = PBXSourcesBuildPhase;
			buildActionMask = 2147483647;
			files = (
				1E76A87B2B821D600026BA37 /* CharactersListViewModel.swift in Sources */,
				1E76A8632B821C710026BA37 /* ContentView.swift in Sources */,
				1E76A8922B8227DF0026BA37 /* PreviewProvider+Extensions.swift in Sources */,
				1E76A8872B8222250026BA37 /* CharactersListStorageManager.swift in Sources */,
				1E76A8612B821C710026BA37 /* RickAndMortyApp.swift in Sources */,
				1E76A88C2B82271A0026BA37 /* StaticJSONMapper.swift in Sources */,
				1E76A87F2B821E960026BA37 /* CharactersListServiceManager.swift in Sources */,
				1E76A8852B821F460026BA37 /* RickAndMortyEndpoint.swift in Sources */,
				1E76A8792B821D490026BA37 /* CharactersListView.swift in Sources */,
				1E76A8822B821EF30026BA37 /* NetworkModule.swift in Sources */,
				1E76A87D2B821E120026BA37 /* CharactersList.swift in Sources */,
				1E76A8892B82223E0026BA37 /* PersistenceModule.swift in Sources */,
			);
			runOnlyForDeploymentPostprocessing = 0;
		};
/* End PBXSourcesBuildPhase section */

/* Begin XCBuildConfiguration section */
		1E76A8692B821C710026BA37 /* Debug */ = {
			isa = XCBuildConfiguration;
			buildSettings = {
				ALWAYS_SEARCH_USER_PATHS = NO;
				ASSETCATALOG_COMPILER_GENERATE_SWIFT_ASSET_SYMBOL_EXTENSIONS = YES;
				CLANG_ANALYZER_NONNULL = YES;
				CLANG_ANALYZER_NUMBER_OBJECT_CONVERSION = YES_AGGRESSIVE;
				CLANG_CXX_LANGUAGE_STANDARD = "gnu++20";
				CLANG_ENABLE_MODULES = YES;
				CLANG_ENABLE_OBJC_ARC = YES;
				CLANG_ENABLE_OBJC_WEAK = YES;
				CLANG_WARN_BLOCK_CAPTURE_AUTORELEASING = YES;
				CLANG_WARN_BOOL_CONVERSION = YES;
				CLANG_WARN_COMMA = YES;
				CLANG_WARN_CONSTANT_CONVERSION = YES;
				CLANG_WARN_DEPRECATED_OBJC_IMPLEMENTATIONS = YES;
				CLANG_WARN_DIRECT_OBJC_ISA_USAGE = YES_ERROR;
				CLANG_WARN_DOCUMENTATION_COMMENTS = YES;
				CLANG_WARN_EMPTY_BODY = YES;
				CLANG_WARN_ENUM_CONVERSION = YES;
				CLANG_WARN_INFINITE_RECURSION = YES;
				CLANG_WARN_INT_CONVERSION = YES;
				CLANG_WARN_NON_LITERAL_NULL_CONVERSION = YES;
				CLANG_WARN_OBJC_IMPLICIT_RETAIN_SELF = YES;
				CLANG_WARN_OBJC_LITERAL_CONVERSION = YES;
				CLANG_WARN_OBJC_ROOT_CLASS = YES_ERROR;
				CLANG_WARN_QUOTED_INCLUDE_IN_FRAMEWORK_HEADER = YES;
				CLANG_WARN_RANGE_LOOP_ANALYSIS = YES;
				CLANG_WARN_STRICT_PROTOTYPES = YES;
				CLANG_WARN_SUSPICIOUS_MOVE = YES;
				CLANG_WARN_UNGUARDED_AVAILABILITY = YES_AGGRESSIVE;
				CLANG_WARN_UNREACHABLE_CODE = YES;
				CLANG_WARN__DUPLICATE_METHOD_MATCH = YES;
				COPY_PHASE_STRIP = NO;
				DEBUG_INFORMATION_FORMAT = dwarf;
				ENABLE_STRICT_OBJC_MSGSEND = YES;
				ENABLE_TESTABILITY = YES;
				ENABLE_USER_SCRIPT_SANDBOXING = YES;
				GCC_C_LANGUAGE_STANDARD = gnu17;
				GCC_DYNAMIC_NO_PIC = NO;
				GCC_NO_COMMON_BLOCKS = YES;
				GCC_OPTIMIZATION_LEVEL = 0;
				GCC_PREPROCESSOR_DEFINITIONS = (
					"DEBUG=1",
					"$(inherited)",
				);
				GCC_WARN_64_TO_32_BIT_CONVERSION = YES;
				GCC_WARN_ABOUT_RETURN_TYPE = YES_ERROR;
				GCC_WARN_UNDECLARED_SELECTOR = YES;
				GCC_WARN_UNINITIALIZED_AUTOS = YES_AGGRESSIVE;
				GCC_WARN_UNUSED_FUNCTION = YES;
				GCC_WARN_UNUSED_VARIABLE = YES;
				IPHONEOS_DEPLOYMENT_TARGET = 15.0;
				LOCALIZATION_PREFERS_STRING_CATALOGS = YES;
				MTL_ENABLE_DEBUG_INFO = INCLUDE_SOURCE;
				MTL_FAST_MATH = YES;
				ONLY_ACTIVE_ARCH = YES;
				SDKROOT = iphoneos;
				SWIFT_ACTIVE_COMPILATION_CONDITIONS = "DEBUG $(inherited)";
				SWIFT_OPTIMIZATION_LEVEL = "-Onone";
			};
			name = Debug;
		};
		1E76A86A2B821C710026BA37 /* Release */ = {
			isa = XCBuildConfiguration;
			buildSettings = {
				ALWAYS_SEARCH_USER_PATHS = NO;
				ASSETCATALOG_COMPILER_GENERATE_SWIFT_ASSET_SYMBOL_EXTENSIONS = YES;
				CLANG_ANALYZER_NONNULL = YES;
				CLANG_ANALYZER_NUMBER_OBJECT_CONVERSION = YES_AGGRESSIVE;
				CLANG_CXX_LANGUAGE_STANDARD = "gnu++20";
				CLANG_ENABLE_MODULES = YES;
				CLANG_ENABLE_OBJC_ARC = YES;
				CLANG_ENABLE_OBJC_WEAK = YES;
				CLANG_WARN_BLOCK_CAPTURE_AUTORELEASING = YES;
				CLANG_WARN_BOOL_CONVERSION = YES;
				CLANG_WARN_COMMA = YES;
				CLANG_WARN_CONSTANT_CONVERSION = YES;
				CLANG_WARN_DEPRECATED_OBJC_IMPLEMENTATIONS = YES;
				CLANG_WARN_DIRECT_OBJC_ISA_USAGE = YES_ERROR;
				CLANG_WARN_DOCUMENTATION_COMMENTS = YES;
				CLANG_WARN_EMPTY_BODY = YES;
				CLANG_WARN_ENUM_CONVERSION = YES;
				CLANG_WARN_INFINITE_RECURSION = YES;
				CLANG_WARN_INT_CONVERSION = YES;
				CLANG_WARN_NON_LITERAL_NULL_CONVERSION = YES;
				CLANG_WARN_OBJC_IMPLICIT_RETAIN_SELF = YES;
				CLANG_WARN_OBJC_LITERAL_CONVERSION = YES;
				CLANG_WARN_OBJC_ROOT_CLASS = YES_ERROR;
				CLANG_WARN_QUOTED_INCLUDE_IN_FRAMEWORK_HEADER = YES;
				CLANG_WARN_RANGE_LOOP_ANALYSIS = YES;
				CLANG_WARN_STRICT_PROTOTYPES = YES;
				CLANG_WARN_SUSPICIOUS_MOVE = YES;
				CLANG_WARN_UNGUARDED_AVAILABILITY = YES_AGGRESSIVE;
				CLANG_WARN_UNREACHABLE_CODE = YES;
				CLANG_WARN__DUPLICATE_METHOD_MATCH = YES;
				COPY_PHASE_STRIP = NO;
				DEBUG_INFORMATION_FORMAT = "dwarf-with-dsym";
				ENABLE_NS_ASSERTIONS = NO;
				ENABLE_STRICT_OBJC_MSGSEND = YES;
				ENABLE_USER_SCRIPT_SANDBOXING = YES;
				GCC_C_LANGUAGE_STANDARD = gnu17;
				GCC_NO_COMMON_BLOCKS = YES;
				GCC_WARN_64_TO_32_BIT_CONVERSION = YES;
				GCC_WARN_ABOUT_RETURN_TYPE = YES_ERROR;
				GCC_WARN_UNDECLARED_SELECTOR = YES;
				GCC_WARN_UNINITIALIZED_AUTOS = YES_AGGRESSIVE;
				GCC_WARN_UNUSED_FUNCTION = YES;
				GCC_WARN_UNUSED_VARIABLE = YES;
				IPHONEOS_DEPLOYMENT_TARGET = 15.0;
				LOCALIZATION_PREFERS_STRING_CATALOGS = YES;
				MTL_ENABLE_DEBUG_INFO = NO;
				MTL_FAST_MATH = YES;
				SDKROOT = iphoneos;
				SWIFT_COMPILATION_MODE = wholemodule;
				VALIDATE_PRODUCT = YES;
			};
			name = Release;
		};
		1E76A86C2B821C710026BA37 /* Debug */ = {
			isa = XCBuildConfiguration;
			buildSettings = {
				ASSETCATALOG_COMPILER_APPICON_NAME = AppIcon;
				ASSETCATALOG_COMPILER_GLOBAL_ACCENT_COLOR_NAME = AccentColor;
				CODE_SIGN_STYLE = Automatic;
				CURRENT_PROJECT_VERSION = 1;
				DEVELOPMENT_ASSET_PATHS = "\"RickAndMorty/Preview Content\"";
				DEVELOPMENT_TEAM = FU45F4SL37;
				ENABLE_PREVIEWS = YES;
				GENERATE_INFOPLIST_FILE = YES;
				INFOPLIST_KEY_UIApplicationSceneManifest_Generation = YES;
				INFOPLIST_KEY_UIApplicationSupportsIndirectInputEvents = YES;
				INFOPLIST_KEY_UILaunchScreen_Generation = YES;
				INFOPLIST_KEY_UISupportedInterfaceOrientations_iPad = "UIInterfaceOrientationPortrait UIInterfaceOrientationPortraitUpsideDown UIInterfaceOrientationLandscapeLeft UIInterfaceOrientationLandscapeRight";
				INFOPLIST_KEY_UISupportedInterfaceOrientations_iPhone = "UIInterfaceOrientationPortrait UIInterfaceOrientationLandscapeLeft UIInterfaceOrientationLandscapeRight";
				IPHONEOS_DEPLOYMENT_TARGET = 15.0;
				LD_RUNPATH_SEARCH_PATHS = (
					"$(inherited)",
					"@executable_path/Frameworks",
				);
				MARKETING_VERSION = 1.0;
				PRODUCT_BUNDLE_IDENTIFIER = com.ogrodowskitomasz.RickAndMorty;
				PRODUCT_NAME = "$(TARGET_NAME)";
				SWIFT_EMIT_LOC_STRINGS = YES;
				SWIFT_VERSION = 5.0;
				TARGETED_DEVICE_FAMILY = "1,2";
			};
			name = Debug;
		};
		1E76A86D2B821C710026BA37 /* Release */ = {
			isa = XCBuildConfiguration;
			buildSettings = {
				ASSETCATALOG_COMPILER_APPICON_NAME = AppIcon;
				ASSETCATALOG_COMPILER_GLOBAL_ACCENT_COLOR_NAME = AccentColor;
				CODE_SIGN_STYLE = Automatic;
				CURRENT_PROJECT_VERSION = 1;
				DEVELOPMENT_ASSET_PATHS = "\"RickAndMorty/Preview Content\"";
				DEVELOPMENT_TEAM = FU45F4SL37;
				ENABLE_PREVIEWS = YES;
				GENERATE_INFOPLIST_FILE = YES;
				INFOPLIST_KEY_UIApplicationSceneManifest_Generation = YES;
				INFOPLIST_KEY_UIApplicationSupportsIndirectInputEvents = YES;
				INFOPLIST_KEY_UILaunchScreen_Generation = YES;
				INFOPLIST_KEY_UISupportedInterfaceOrientations_iPad = "UIInterfaceOrientationPortrait UIInterfaceOrientationPortraitUpsideDown UIInterfaceOrientationLandscapeLeft UIInterfaceOrientationLandscapeRight";
				INFOPLIST_KEY_UISupportedInterfaceOrientations_iPhone = "UIInterfaceOrientationPortrait UIInterfaceOrientationLandscapeLeft UIInterfaceOrientationLandscapeRight";
				IPHONEOS_DEPLOYMENT_TARGET = 15.0;
				LD_RUNPATH_SEARCH_PATHS = (
					"$(inherited)",
					"@executable_path/Frameworks",
				);
				MARKETING_VERSION = 1.0;
				PRODUCT_BUNDLE_IDENTIFIER = com.ogrodowskitomasz.RickAndMorty;
				PRODUCT_NAME = "$(TARGET_NAME)";
				SWIFT_EMIT_LOC_STRINGS = YES;
				SWIFT_VERSION = 5.0;
				TARGETED_DEVICE_FAMILY = "1,2";
			};
			name = Release;
		};
/* End XCBuildConfiguration section */

/* Begin XCConfigurationList section */
		1E76A8582B821C710026BA37 /* Build configuration list for PBXProject "RickAndMorty" */ = {
			isa = XCConfigurationList;
			buildConfigurations = (
				1E76A8692B821C710026BA37 /* Debug */,
				1E76A86A2B821C710026BA37 /* Release */,
			);
			defaultConfigurationIsVisible = 0;
			defaultConfigurationName = Release;
		};
		1E76A86B2B821C710026BA37 /* Build configuration list for PBXNativeTarget "RickAndMorty" */ = {
			isa = XCConfigurationList;
			buildConfigurations = (
				1E76A86C2B821C710026BA37 /* Debug */,
				1E76A86D2B821C710026BA37 /* Release */,
			);
			defaultConfigurationIsVisible = 0;
			defaultConfigurationName = Release;
		};
/* End XCConfigurationList section */
	};
	rootObject = 1E76A8552B821C710026BA37 /* Project object */;
}
